// !$*UTF8*$!
{
	archiveVersion = 1;
	classes = {
	};
	objectVersion = 55;
	objects = {

/* Begin PBXBuildFile section */
		A572EDBF2825657700B964CE /* LandmarkRow.swift in Sources */ = {isa = PBXBuildFile; fileRef = A572EDBE2825657700B964CE /* LandmarkRow.swift */; };
		A572EDC1282568CC00B964CE /* LandmarkList.swift in Sources */ = {isa = PBXBuildFile; fileRef = A572EDC0282568CB00B964CE /* LandmarkList.swift */; };
		A572EDC32825736D00B964CE /* LandmarkDetail.swift in Sources */ = {isa = PBXBuildFile; fileRef = A572EDC22825736D00B964CE /* LandmarkDetail.swift */; };
		A580E49128295DDE0034A006 /* FavoriteButton.swift in Sources */ = {isa = PBXBuildFile; fileRef = A580E49028295DDE0034A006 /* FavoriteButton.swift */; };
		A580E495282967700034A006 /* HexagonParameters.swift in Sources */ = {isa = PBXBuildFile; fileRef = A580E494282967700034A006 /* HexagonParameters.swift */; };
		A580E497282969330034A006 /* BadgeBackground.swift in Sources */ = {isa = PBXBuildFile; fileRef = A580E496282969330034A006 /* BadgeBackground.swift */; };
		A5A4AEA52821A2D600806D65 /* SUITutorialApp.swift in Sources */ = {isa = PBXBuildFile; fileRef = A5A4AEA42821A2D600806D65 /* SUITutorialApp.swift */; };
		A5A4AEA72821A2D600806D65 /* ContentView.swift in Sources */ = {isa = PBXBuildFile; fileRef = A5A4AEA62821A2D600806D65 /* ContentView.swift */; };
		A5A4AEA92821A2D800806D65 /* Assets.xcassets in Resources */ = {isa = PBXBuildFile; fileRef = A5A4AEA82821A2D800806D65 /* Assets.xcassets */; };
		A5A4AEAC2821A2D800806D65 /* Preview Assets.xcassets in Resources */ = {isa = PBXBuildFile; fileRef = A5A4AEAB2821A2D800806D65 /* Preview Assets.xcassets */; };
		A5A4AEB32821AE0F00806D65 /* CircleImage.swift in Sources */ = {isa = PBXBuildFile; fileRef = A5A4AEB22821AE0F00806D65 /* CircleImage.swift */; };
		A5A4AEB52821B0AE00806D65 /* MapView.swift in Sources */ = {isa = PBXBuildFile; fileRef = A5A4AEB42821B0AE00806D65 /* MapView.swift */; };
		A5A4AEB72821BD3200806D65 /* landmarkData.json in Resources */ = {isa = PBXBuildFile; fileRef = A5A4AEB62821BD3200806D65 /* landmarkData.json */; };
		A5A4AEB92821BD7C00806D65 /* Landmark.swift in Sources */ = {isa = PBXBuildFile; fileRef = A5A4AEB82821BD7C00806D65 /* Landmark.swift */; };
		A5A4AEBB2821C18100806D65 /* ModelData.swift in Sources */ = {isa = PBXBuildFile; fileRef = A5A4AEBA2821C18100806D65 /* ModelData.swift */; };
		A5ACE069282971A00080D26B /* BadgeSymbol.swift in Sources */ = {isa = PBXBuildFile; fileRef = A5ACE068282971A00080D26B /* BadgeSymbol.swift */; };
		A5ACE06B282973FD0080D26B /* RotatedBadgeSymbol.swift in Sources */ = {isa = PBXBuildFile; fileRef = A5ACE06A282973FD0080D26B /* RotatedBadgeSymbol.swift */; };
		A5ACE06D282974CF0080D26B /* Badge.swift in Sources */ = {isa = PBXBuildFile; fileRef = A5ACE06C282974CF0080D26B /* Badge.swift */; };
		A5ACE07028297CDC0080D26B /* hikeData.json in Resources */ = {isa = PBXBuildFile; fileRef = A5ACE06F28297CDC0080D26B /* hikeData.json */; };
		A5ACE07228297DAD0080D26B /* Hike.swift in Sources */ = {isa = PBXBuildFile; fileRef = A5ACE07128297DAD0080D26B /* Hike.swift */; };
		A5ACE07828297E530080D26B /* GraphCapsule.swift in Sources */ = {isa = PBXBuildFile; fileRef = A5ACE07428297E530080D26B /* GraphCapsule.swift */; };
		A5ACE07928297E530080D26B /* HikeGraph.swift in Sources */ = {isa = PBXBuildFile; fileRef = A5ACE07528297E530080D26B /* HikeGraph.swift */; };
		A5ACE07A28297E530080D26B /* HikeDetail.swift in Sources */ = {isa = PBXBuildFile; fileRef = A5ACE07628297E530080D26B /* HikeDetail.swift */; };
		A5ACE07B28297E530080D26B /* HikeView.swift in Sources */ = {isa = PBXBuildFile; fileRef = A5ACE07728297E530080D26B /* HikeView.swift */; };
		A5ACE07D28298C510080D26B /* CategoryHome.swift in Sources */ = {isa = PBXBuildFile; fileRef = A5ACE07C28298C510080D26B /* CategoryHome.swift */; };
		A5ACE07F282990B40080D26B /* CategoryRow.swift in Sources */ = {isa = PBXBuildFile; fileRef = A5ACE07E282990B40080D26B /* CategoryRow.swift */; };
		A5ACE081282992A60080D26B /* CategoryItem.swift in Sources */ = {isa = PBXBuildFile; fileRef = A5ACE080282992A60080D26B /* CategoryItem.swift */; };
		A5ACE08328299CC50080D26B /* Profile.swift in Sources */ = {isa = PBXBuildFile; fileRef = A5ACE08228299CC50080D26B /* Profile.swift */; };
		A5ACE08528299DCC0080D26B /* ProfileHost.swift in Sources */ = {isa = PBXBuildFile; fileRef = A5ACE08428299DCC0080D26B /* ProfileHost.swift */; };
		A5ACE08828299E540080D26B /* ProfileSummary.swift in Sources */ = {isa = PBXBuildFile; fileRef = A5ACE08728299E540080D26B /* ProfileSummary.swift */; };
		A5ACE08A2829A03E0080D26B /* HikeBadge.swift in Sources */ = {isa = PBXBuildFile; fileRef = A5ACE0892829A03E0080D26B /* HikeBadge.swift */; };
/* End PBXBuildFile section */

/* Begin PBXFileReference section */
		A572EDBE2825657700B964CE /* LandmarkRow.swift */ = {isa = PBXFileReference; lastKnownFileType = sourcecode.swift; path = LandmarkRow.swift; sourceTree = "<group>"; };
		A572EDC0282568CB00B964CE /* LandmarkList.swift */ = {isa = PBXFileReference; lastKnownFileType = sourcecode.swift; path = LandmarkList.swift; sourceTree = "<group>"; };
		A572EDC22825736D00B964CE /* LandmarkDetail.swift */ = {isa = PBXFileReference; lastKnownFileType = sourcecode.swift; path = LandmarkDetail.swift; sourceTree = "<group>"; };
		A580E49028295DDE0034A006 /* FavoriteButton.swift */ = {isa = PBXFileReference; lastKnownFileType = sourcecode.swift; path = FavoriteButton.swift; sourceTree = "<group>"; };
		A580E494282967700034A006 /* HexagonParameters.swift */ = {isa = PBXFileReference; lastKnownFileType = sourcecode.swift; path = HexagonParameters.swift; sourceTree = "<group>"; };
		A580E496282969330034A006 /* BadgeBackground.swift */ = {isa = PBXFileReference; lastKnownFileType = sourcecode.swift; path = BadgeBackground.swift; sourceTree = "<group>"; };
		A5A4AEA12821A2D600806D65 /* SUITutorial.app */ = {isa = PBXFileReference; explicitFileType = wrapper.application; includeInIndex = 0; path = SUITutorial.app; sourceTree = BUILT_PRODUCTS_DIR; };
		A5A4AEA42821A2D600806D65 /* SUITutorialApp.swift */ = {isa = PBXFileReference; lastKnownFileType = sourcecode.swift; path = SUITutorialApp.swift; sourceTree = "<group>"; };
		A5A4AEA62821A2D600806D65 /* ContentView.swift */ = {isa = PBXFileReference; lastKnownFileType = sourcecode.swift; path = ContentView.swift; sourceTree = "<group>"; };
		A5A4AEA82821A2D800806D65 /* Assets.xcassets */ = {isa = PBXFileReference; lastKnownFileType = folder.assetcatalog; path = Assets.xcassets; sourceTree = "<group>"; };
		A5A4AEAB2821A2D800806D65 /* Preview Assets.xcassets */ = {isa = PBXFileReference; lastKnownFileType = folder.assetcatalog; path = "Preview Assets.xcassets"; sourceTree = "<group>"; };
		A5A4AEB22821AE0F00806D65 /* CircleImage.swift */ = {isa = PBXFileReference; lastKnownFileType = sourcecode.swift; path = CircleImage.swift; sourceTree = "<group>"; };
		A5A4AEB42821B0AE00806D65 /* MapView.swift */ = {isa = PBXFileReference; lastKnownFileType = sourcecode.swift; path = MapView.swift; sourceTree = "<group>"; };
		A5A4AEB62821BD3200806D65 /* landmarkData.json */ = {isa = PBXFileReference; fileEncoding = 4; lastKnownFileType = text.json; path = landmarkData.json; sourceTree = "<group>"; };
		A5A4AEB82821BD7C00806D65 /* Landmark.swift */ = {isa = PBXFileReference; lastKnownFileType = sourcecode.swift; path = Landmark.swift; sourceTree = "<group>"; };
		A5A4AEBA2821C18100806D65 /* ModelData.swift */ = {isa = PBXFileReference; lastKnownFileType = sourcecode.swift; path = ModelData.swift; sourceTree = "<group>"; };
		A5ACE068282971A00080D26B /* BadgeSymbol.swift */ = {isa = PBXFileReference; lastKnownFileType = sourcecode.swift; path = BadgeSymbol.swift; sourceTree = "<group>"; };
		A5ACE06A282973FD0080D26B /* RotatedBadgeSymbol.swift */ = {isa = PBXFileReference; lastKnownFileType = sourcecode.swift; path = RotatedBadgeSymbol.swift; sourceTree = "<group>"; };
		A5ACE06C282974CF0080D26B /* Badge.swift */ = {isa = PBXFileReference; lastKnownFileType = sourcecode.swift; path = Badge.swift; sourceTree = "<group>"; };
		A5ACE06F28297CDC0080D26B /* hikeData.json */ = {isa = PBXFileReference; fileEncoding = 4; lastKnownFileType = text.json; path = hikeData.json; sourceTree = "<group>"; };
		A5ACE07128297DAD0080D26B /* Hike.swift */ = {isa = PBXFileReference; lastKnownFileType = sourcecode.swift; path = Hike.swift; sourceTree = "<group>"; };
		A5ACE07428297E530080D26B /* GraphCapsule.swift */ = {isa = PBXFileReference; fileEncoding = 4; lastKnownFileType = sourcecode.swift; path = GraphCapsule.swift; sourceTree = "<group>"; };
		A5ACE07528297E530080D26B /* HikeGraph.swift */ = {isa = PBXFileReference; fileEncoding = 4; lastKnownFileType = sourcecode.swift; path = HikeGraph.swift; sourceTree = "<group>"; };
		A5ACE07628297E530080D26B /* HikeDetail.swift */ = {isa = PBXFileReference; fileEncoding = 4; lastKnownFileType = sourcecode.swift; path = HikeDetail.swift; sourceTree = "<group>"; };
		A5ACE07728297E530080D26B /* HikeView.swift */ = {isa = PBXFileReference; fileEncoding = 4; lastKnownFileType = sourcecode.swift; path = HikeView.swift; sourceTree = "<group>"; };
		A5ACE07C28298C510080D26B /* CategoryHome.swift */ = {isa = PBXFileReference; lastKnownFileType = sourcecode.swift; path = CategoryHome.swift; sourceTree = "<group>"; };
		A5ACE07E282990B40080D26B /* CategoryRow.swift */ = {isa = PBXFileReference; lastKnownFileType = sourcecode.swift; path = CategoryRow.swift; sourceTree = "<group>"; };
		A5ACE080282992A60080D26B /* CategoryItem.swift */ = {isa = PBXFileReference; lastKnownFileType = sourcecode.swift; path = CategoryItem.swift; sourceTree = "<group>"; };
		A5ACE08228299CC50080D26B /* Profile.swift */ = {isa = PBXFileReference; lastKnownFileType = sourcecode.swift; path = Profile.swift; sourceTree = "<group>"; };
		A5ACE08428299DCC0080D26B /* ProfileHost.swift */ = {isa = PBXFileReference; lastKnownFileType = sourcecode.swift; path = ProfileHost.swift; sourceTree = "<group>"; };
		A5ACE08728299E540080D26B /* ProfileSummary.swift */ = {isa = PBXFileReference; lastKnownFileType = sourcecode.swift; path = ProfileSummary.swift; sourceTree = "<group>"; };
		A5ACE0892829A03E0080D26B /* HikeBadge.swift */ = {isa = PBXFileReference; lastKnownFileType = sourcecode.swift; path = HikeBadge.swift; sourceTree = "<group>"; };
/* End PBXFileReference section */

/* Begin PBXFrameworksBuildPhase section */
		A5A4AE9E2821A2D600806D65 /* Frameworks */ = {
			isa = PBXFrameworksBuildPhase;
			buildActionMask = 2147483647;
			files = (
			);
			runOnlyForDeploymentPostprocessing = 0;
		};
/* End PBXFrameworksBuildPhase section */

/* Begin PBXGroup section */
		A580E49228295F4E0034A006 /* Landmarks */ = {
			isa = PBXGroup;
			children = (
				A572EDBE2825657700B964CE /* LandmarkRow.swift */,
				A572EDC0282568CB00B964CE /* LandmarkList.swift */,
				A572EDC22825736D00B964CE /* LandmarkDetail.swift */,
			);
			path = Landmarks;
			sourceTree = "<group>";
		};
		A580E49328295F7A0034A006 /* Helpers */ = {
			isa = PBXGroup;
			children = (
				A5A4AEB22821AE0F00806D65 /* CircleImage.swift */,
				A5A4AEB42821B0AE00806D65 /* MapView.swift */,
				A580E49028295DDE0034A006 /* FavoriteButton.swift */,
			);
			path = Helpers;
			sourceTree = "<group>";
		};
		A5A4AE982821A2D600806D65 = {
			isa = PBXGroup;
			children = (
				A5A4AEA32821A2D600806D65 /* SUITutorial */,
				A5A4AEA22821A2D600806D65 /* Products */,
			);
			sourceTree = "<group>";
		};
		A5A4AEA22821A2D600806D65 /* Products */ = {
			isa = PBXGroup;
			children = (
				A5A4AEA12821A2D600806D65 /* SUITutorial.app */,
			);
			name = Products;
			sourceTree = "<group>";
		};
		A5A4AEA32821A2D600806D65 /* SUITutorial */ = {
			isa = PBXGroup;
			children = (
				A5A4AEA42821A2D600806D65 /* SUITutorialApp.swift */,
				A5A4AEBC2821C23E00806D65 /* Views */,
				A5A4AEBD2821C27700806D65 /* Model */,
				A5A4AEB82821BD7C00806D65 /* Landmark.swift */,
				A5A4AEBE2821C28900806D65 /* Resources */,
				A5A4AEA82821A2D800806D65 /* Assets.xcassets */,
				A5A4AEAA2821A2D800806D65 /* Preview Content */,
			);
			path = SUITutorial;
			sourceTree = "<group>";
		};
		A5A4AEAA2821A2D800806D65 /* Preview Content */ = {
			isa = PBXGroup;
			children = (
				A5A4AEAB2821A2D800806D65 /* Preview Assets.xcassets */,
			);
			path = "Preview Content";
			sourceTree = "<group>";
		};
		A5A4AEBC2821C23E00806D65 /* Views */ = {
			isa = PBXGroup;
			children = (
				A5A4AEA62821A2D600806D65 /* ContentView.swift */,
				A5ACE07C28298C510080D26B /* CategoryHome.swift */,
				A5ACE07E282990B40080D26B /* CategoryRow.swift */,
				A5ACE080282992A60080D26B /* CategoryItem.swift */,
				A580E49228295F4E0034A006 /* Landmarks */,
				A5ACE07328297E530080D26B /* Hikes */,
				A5ACE06E282976BF0080D26B /* Badge */,
				A5ACE08628299DD10080D26B /* Profile */,
				A580E49328295F7A0034A006 /* Helpers */,
			);
			path = Views;
			sourceTree = "<group>";
		};
		A5A4AEBD2821C27700806D65 /* Model */ = {
			isa = PBXGroup;
			children = (
				A5ACE08228299CC50080D26B /* Profile.swift */,
				A5A4AEBA2821C18100806D65 /* ModelData.swift */,
			);
			path = Model;
			sourceTree = "<group>";
		};
		A5A4AEBE2821C28900806D65 /* Resources */ = {
			isa = PBXGroup;
			children = (
				A5ACE06F28297CDC0080D26B /* hikeData.json */,
				A5A4AEB62821BD3200806D65 /* landmarkData.json */,
			);
			path = Resources;
			sourceTree = "<group>";
		};
		A5ACE06E282976BF0080D26B /* Badge */ = {
			isa = PBXGroup;
			children = (
				A580E494282967700034A006 /* HexagonParameters.swift */,
				A580E496282969330034A006 /* BadgeBackground.swift */,
				A5ACE068282971A00080D26B /* BadgeSymbol.swift */,
				A5ACE06A282973FD0080D26B /* RotatedBadgeSymbol.swift */,
				A5ACE06C282974CF0080D26B /* Badge.swift */,
			);
			path = Badge;
			sourceTree = "<group>";
		};
		A5ACE07328297E530080D26B /* Hikes */ = {
			isa = PBXGroup;
			children = (
				A5ACE07128297DAD0080D26B /* Hike.swift */,
				A5ACE07528297E530080D26B /* HikeGraph.swift */,
				A5ACE07628297E530080D26B /* HikeDetail.swift */,
				A5ACE07728297E530080D26B /* HikeView.swift */,
				A5ACE07428297E530080D26B /* GraphCapsule.swift */,
				A5ACE0892829A03E0080D26B /* HikeBadge.swift */,
			);
			path = Hikes;
			sourceTree = "<group>";
		};
		A5ACE08628299DD10080D26B /* Profile */ = {
			isa = PBXGroup;
			children = (
				A5ACE08428299DCC0080D26B /* ProfileHost.swift */,
				A5ACE08728299E540080D26B /* ProfileSummary.swift */,
			);
			path = Profile;
			sourceTree = "<group>";
		};
/* End PBXGroup section */

/* Begin PBXNativeTarget section */
		A5A4AEA02821A2D600806D65 /* SUITutorial */ = {
			isa = PBXNativeTarget;
			buildConfigurationList = A5A4AEAF2821A2D800806D65 /* Build configuration list for PBXNativeTarget "SUITutorial" */;
			buildPhases = (
				A5A4AE9D2821A2D600806D65 /* Sources */,
				A5A4AE9E2821A2D600806D65 /* Frameworks */,
				A5A4AE9F2821A2D600806D65 /* Resources */,
			);
			buildRules = (
			);
			dependencies = (
			);
			name = SUITutorial;
			productName = SUITutorial;
			productReference = A5A4AEA12821A2D600806D65 /* SUITutorial.app */;
			productType = "com.apple.product-type.application";
		};
/* End PBXNativeTarget section */

/* Begin PBXProject section */
		A5A4AE992821A2D600806D65 /* Project object */ = {
			isa = PBXProject;
			attributes = {
				BuildIndependentTargetsInParallel = 1;
				LastSwiftUpdateCheck = 1330;
				LastUpgradeCheck = 1330;
				TargetAttributes = {
					A5A4AEA02821A2D600806D65 = {
						CreatedOnToolsVersion = 13.3.1;
					};
				};
			};
			buildConfigurationList = A5A4AE9C2821A2D600806D65 /* Build configuration list for PBXProject "SUITutorial" */;
			compatibilityVersion = "Xcode 13.0";
			developmentRegion = en;
			hasScannedForEncodings = 0;
			knownRegions = (
				en,
				Base,
			);
			mainGroup = A5A4AE982821A2D600806D65;
			productRefGroup = A5A4AEA22821A2D600806D65 /* Products */;
			projectDirPath = "";
			projectRoot = "";
			targets = (
				A5A4AEA02821A2D600806D65 /* SUITutorial */,
			);
		};
/* End PBXProject section */

/* Begin PBXResourcesBuildPhase section */
		A5A4AE9F2821A2D600806D65 /* Resources */ = {
			isa = PBXResourcesBuildPhase;
			buildActionMask = 2147483647;
			files = (
				A5ACE07028297CDC0080D26B /* hikeData.json in Resources */,
				A5A4AEAC2821A2D800806D65 /* Preview Assets.xcassets in Resources */,
				A5A4AEA92821A2D800806D65 /* Assets.xcassets in Resources */,
				A5A4AEB72821BD3200806D65 /* landmarkData.json in Resources */,
			);
			runOnlyForDeploymentPostprocessing = 0;
		};
/* End PBXResourcesBuildPhase section */

/* Begin PBXSourcesBuildPhase section */
		A5A4AE9D2821A2D600806D65 /* Sources */ = {
			isa = PBXSourcesBuildPhase;
			buildActionMask = 2147483647;
			files = (
				A5ACE07F282990B40080D26B /* CategoryRow.swift in Sources */,
				A5ACE08328299CC50080D26B /* Profile.swift in Sources */,
				A5A4AEA72821A2D600806D65 /* ContentView.swift in Sources */,
				A5ACE07D28298C510080D26B /* CategoryHome.swift in Sources */,
				A5ACE07928297E530080D26B /* HikeGraph.swift in Sources */,
				A5ACE06D282974CF0080D26B /* Badge.swift in Sources */,
				A5A4AEB52821B0AE00806D65 /* MapView.swift in Sources */,
				A5ACE07828297E530080D26B /* GraphCapsule.swift in Sources */,
				A5A4AEA52821A2D600806D65 /* SUITutorialApp.swift in Sources */,
				A580E49128295DDE0034A006 /* FavoriteButton.swift in Sources */,
				A5ACE081282992A60080D26B /* CategoryItem.swift in Sources */,
				A5ACE07A28297E530080D26B /* HikeDetail.swift in Sources */,
				A5ACE08828299E540080D26B /* ProfileSummary.swift in Sources */,
				A580E495282967700034A006 /* HexagonParameters.swift in Sources */,
				A5ACE08528299DCC0080D26B /* ProfileHost.swift in Sources */,
				A5ACE07228297DAD0080D26B /* Hike.swift in Sources */,
				A5ACE06B282973FD0080D26B /* RotatedBadgeSymbol.swift in Sources */,
				A5ACE069282971A00080D26B /* BadgeSymbol.swift in Sources */,
				A572EDC1282568CC00B964CE /* LandmarkList.swift in Sources */,
				A5ACE07B28297E530080D26B /* HikeView.swift in Sources */,
				A572EDC32825736D00B964CE /* LandmarkDetail.swift in Sources */,
				A580E497282969330034A006 /* BadgeBackground.swift in Sources */,
				A5ACE08A2829A03E0080D26B /* HikeBadge.swift in Sources */,
				A5A4AEB32821AE0F00806D65 /* CircleImage.swift in Sources */,
				A5A4AEB92821BD7C00806D65 /* Landmark.swift in Sources */,
				A572EDBF2825657700B964CE /* LandmarkRow.swift in Sources */,
				A5A4AEBB2821C18100806D65 /* ModelData.swift in Sources */,
			);
			runOnlyForDeploymentPostprocessing = 0;
		};
/* End PBXSourcesBuildPhase section */

/* Begin XCBuildConfiguration section */
		A5A4AEAD2821A2D800806D65 /* Debug */ = {
			isa = XCBuildConfiguration;
			buildSettings = {
				ALWAYS_SEARCH_USER_PATHS = NO;
				CLANG_ANALYZER_NONNULL = YES;
				CLANG_ANALYZER_NUMBER_OBJECT_CONVERSION = YES_AGGRESSIVE;
				CLANG_CXX_LANGUAGE_STANDARD = "gnu++17";
				CLANG_ENABLE_MODULES = YES;
				CLANG_ENABLE_OBJC_ARC = YES;
				CLANG_ENABLE_OBJC_WEAK = YES;
				CLANG_WARN_BLOCK_CAPTURE_AUTORELEASING = YES;
				CLANG_WARN_BOOL_CONVERSION = YES;
				CLANG_WARN_COMMA = YES;
				CLANG_WARN_CONSTANT_CONVERSION = YES;
				CLANG_WARN_DEPRECATED_OBJC_IMPLEMENTATIONS = YES;
				CLANG_WARN_DIRECT_OBJC_ISA_USAGE = YES_ERROR;
				CLANG_WARN_DOCUMENTATION_COMMENTS = YES;
				CLANG_WARN_EMPTY_BODY = YES;
				CLANG_WARN_ENUM_CONVERSION = YES;
				CLANG_WARN_INFINITE_RECURSION = YES;
				CLANG_WARN_INT_CONVERSION = YES;
				CLANG_WARN_NON_LITERAL_NULL_CONVERSION = YES;
				CLANG_WARN_OBJC_IMPLICIT_RETAIN_SELF = YES;
				CLANG_WARN_OBJC_LITERAL_CONVERSION = YES;
				CLANG_WARN_OBJC_ROOT_CLASS = YES_ERROR;
				CLANG_WARN_QUOTED_INCLUDE_IN_FRAMEWORK_HEADER = YES;
				CLANG_WARN_RANGE_LOOP_ANALYSIS = YES;
				CLANG_WARN_STRICT_PROTOTYPES = YES;
				CLANG_WARN_SUSPICIOUS_MOVE = YES;
				CLANG_WARN_UNGUARDED_AVAILABILITY = YES_AGGRESSIVE;
				CLANG_WARN_UNREACHABLE_CODE = YES;
				CLANG_WARN__DUPLICATE_METHOD_MATCH = YES;
				COPY_PHASE_STRIP = NO;
				DEBUG_INFORMATION_FORMAT = dwarf;
				ENABLE_STRICT_OBJC_MSGSEND = YES;
				ENABLE_TESTABILITY = YES;
				GCC_C_LANGUAGE_STANDARD = gnu11;
				GCC_DYNAMIC_NO_PIC = NO;
				GCC_NO_COMMON_BLOCKS = YES;
				GCC_OPTIMIZATION_LEVEL = 0;
				GCC_PREPROCESSOR_DEFINITIONS = (
					"DEBUG=1",
					"$(inherited)",
				);
				GCC_WARN_64_TO_32_BIT_CONVERSION = YES;
				GCC_WARN_ABOUT_RETURN_TYPE = YES_ERROR;
				GCC_WARN_UNDECLARED_SELECTOR = YES;
				GCC_WARN_UNINITIALIZED_AUTOS = YES_AGGRESSIVE;
				GCC_WARN_UNUSED_FUNCTION = YES;
				GCC_WARN_UNUSED_VARIABLE = YES;
				IPHONEOS_DEPLOYMENT_TARGET = 15.4;
				MTL_ENABLE_DEBUG_INFO = INCLUDE_SOURCE;
				MTL_FAST_MATH = YES;
				ONLY_ACTIVE_ARCH = YES;
				SDKROOT = iphoneos;
				SWIFT_ACTIVE_COMPILATION_CONDITIONS = DEBUG;
				SWIFT_OPTIMIZATION_LEVEL = "-Onone";
			};
			name = Debug;
		};
		A5A4AEAE2821A2D800806D65 /* Release */ = {
			isa = XCBuildConfiguration;
			buildSettings = {
				ALWAYS_SEARCH_USER_PATHS = NO;
				CLANG_ANALYZER_NONNULL = YES;
				CLANG_ANALYZER_NUMBER_OBJECT_CONVERSION = YES_AGGRESSIVE;
				CLANG_CXX_LANGUAGE_STANDARD = "gnu++17";
				CLANG_ENABLE_MODULES = YES;
				CLANG_ENABLE_OBJC_ARC = YES;
				CLANG_ENABLE_OBJC_WEAK = YES;
				CLANG_WARN_BLOCK_CAPTURE_AUTORELEASING = YES;
				CLANG_WARN_BOOL_CONVERSION = YES;
				CLANG_WARN_COMMA = YES;
				CLANG_WARN_CONSTANT_CONVERSION = YES;
				CLANG_WARN_DEPRECATED_OBJC_IMPLEMENTATIONS = YES;
				CLANG_WARN_DIRECT_OBJC_ISA_USAGE = YES_ERROR;
				CLANG_WARN_DOCUMENTATION_COMMENTS = YES;
				CLANG_WARN_EMPTY_BODY = YES;
				CLANG_WARN_ENUM_CONVERSION = YES;
				CLANG_WARN_INFINITE_RECURSION = YES;
				CLANG_WARN_INT_CONVERSION = YES;
				CLANG_WARN_NON_LITERAL_NULL_CONVERSION = YES;
				CLANG_WARN_OBJC_IMPLICIT_RETAIN_SELF = YES;
				CLANG_WARN_OBJC_LITERAL_CONVERSION = YES;
				CLANG_WARN_OBJC_ROOT_CLASS = YES_ERROR;
				CLANG_WARN_QUOTED_INCLUDE_IN_FRAMEWORK_HEADER = YES;
				CLANG_WARN_RANGE_LOOP_ANALYSIS = YES;
				CLANG_WARN_STRICT_PROTOTYPES = YES;
				CLANG_WARN_SUSPICIOUS_MOVE = YES;
				CLANG_WARN_UNGUARDED_AVAILABILITY = YES_AGGRESSIVE;
				CLANG_WARN_UNREACHABLE_CODE = YES;
				CLANG_WARN__DUPLICATE_METHOD_MATCH = YES;
				COPY_PHASE_STRIP = NO;
				DEBUG_INFORMATION_FORMAT = "dwarf-with-dsym";
				ENABLE_NS_ASSERTIONS = NO;
				ENABLE_STRICT_OBJC_MSGSEND = YES;
				GCC_C_LANGUAGE_STANDARD = gnu11;
				GCC_NO_COMMON_BLOCKS = YES;
				GCC_WARN_64_TO_32_BIT_CONVERSION = YES;
				GCC_WARN_ABOUT_RETURN_TYPE = YES_ERROR;
				GCC_WARN_UNDECLARED_SELECTOR = YES;
				GCC_WARN_UNINITIALIZED_AUTOS = YES_AGGRESSIVE;
				GCC_WARN_UNUSED_FUNCTION = YES;
				GCC_WARN_UNUSED_VARIABLE = YES;
				IPHONEOS_DEPLOYMENT_TARGET = 15.4;
				MTL_ENABLE_DEBUG_INFO = NO;
				MTL_FAST_MATH = YES;
				SDKROOT = iphoneos;
				SWIFT_COMPILATION_MODE = wholemodule;
				SWIFT_OPTIMIZATION_LEVEL = "-O";
				VALIDATE_PRODUCT = YES;
			};
			name = Release;
		};
		A5A4AEB02821A2D800806D65 /* Debug */ = {
			isa = XCBuildConfiguration;
			buildSettings = {
				ASSETCATALOG_COMPILER_APPICON_NAME = AppIcon;
				ASSETCATALOG_COMPILER_GLOBAL_ACCENT_COLOR_NAME = AccentColor;
				CODE_SIGN_STYLE = Automatic;
				CURRENT_PROJECT_VERSION = 1;
				DEVELOPMENT_ASSET_PATHS = "\"SUITutorial/Preview Content\"";
				DEVELOPMENT_TEAM = TAYYL936C4;
				ENABLE_PREVIEWS = YES;
				GENERATE_INFOPLIST_FILE = YES;
				INFOPLIST_KEY_UIApplicationSceneManifest_Generation = YES;
				INFOPLIST_KEY_UIApplicationSupportsIndirectInputEvents = YES;
				INFOPLIST_KEY_UILaunchScreen_Generation = YES;
				INFOPLIST_KEY_UISupportedInterfaceOrientations_iPad = "UIInterfaceOrientationPortrait UIInterfaceOrientationPortraitUpsideDown UIInterfaceOrientationLandscapeLeft UIInterfaceOrientationLandscapeRight";
				INFOPLIST_KEY_UISupportedInterfaceOrientations_iPhone = "UIInterfaceOrientationPortrait UIInterfaceOrientationLandscapeLeft UIInterfaceOrientationLandscapeRight";
				LD_RUNPATH_SEARCH_PATHS = (
					"$(inherited)",
					"@executable_path/Frameworks",
				);
				MARKETING_VERSION = 1.0;
				PRODUCT_BUNDLE_IDENTIFIER = myApp.SUITutorial;
				PRODUCT_NAME = "$(TARGET_NAME)";
				SWIFT_EMIT_LOC_STRINGS = YES;
				SWIFT_VERSION = 5.0;
				TARGETED_DEVICE_FAMILY = "1,2";
			};
			name = Debug;
		};
		A5A4AEB12821A2D800806D65 /* Release */ = {
			isa = XCBuildConfiguration;
			buildSettings = {
				ASSETCATALOG_COMPILER_APPICON_NAME = AppIcon;
				ASSETCATALOG_COMPILER_GLOBAL_ACCENT_COLOR_NAME = AccentColor;
				CODE_SIGN_STYLE = Automatic;
				CURRENT_PROJECT_VERSION = 1;
				DEVELOPMENT_ASSET_PATHS = "\"SUITutorial/Preview Content\"";
				DEVELOPMENT_TEAM = TAYYL936C4;
				ENABLE_PREVIEWS = YES;
				GENERATE_INFOPLIST_FILE = YES;
				INFOPLIST_KEY_UIApplicationSceneManifest_Generation = YES;
				INFOPLIST_KEY_UIApplicationSupportsIndirectInputEvents = YES;
				INFOPLIST_KEY_UILaunchScreen_Generation = YES;
				INFOPLIST_KEY_UISupportedInterfaceOrientations_iPad = "UIInterfaceOrientationPortrait UIInterfaceOrientationPortraitUpsideDown UIInterfaceOrientationLandscapeLeft UIInterfaceOrientationLandscapeRight";
				INFOPLIST_KEY_UISupportedInterfaceOrientations_iPhone = "UIInterfaceOrientationPortrait UIInterfaceOrientationLandscapeLeft UIInterfaceOrientationLandscapeRight";
				LD_RUNPATH_SEARCH_PATHS = (
					"$(inherited)",
					"@executable_path/Frameworks",
				);
				MARKETING_VERSION = 1.0;
				PRODUCT_BUNDLE_IDENTIFIER = myApp.SUITutorial;
				PRODUCT_NAME = "$(TARGET_NAME)";
				SWIFT_EMIT_LOC_STRINGS = YES;
				SWIFT_VERSION = 5.0;
				TARGETED_DEVICE_FAMILY = "1,2";
			};
			name = Release;
		};
/* End XCBuildConfiguration section */

/* Begin XCConfigurationList section */
		A5A4AE9C2821A2D600806D65 /* Build configuration list for PBXProject "SUITutorial" */ = {
			isa = XCConfigurationList;
			buildConfigurations = (
				A5A4AEAD2821A2D800806D65 /* Debug */,
				A5A4AEAE2821A2D800806D65 /* Release */,
			);
			defaultConfigurationIsVisible = 0;
			defaultConfigurationName = Release;
		};
		A5A4AEAF2821A2D800806D65 /* Build configuration list for PBXNativeTarget "SUITutorial" */ = {
			isa = XCConfigurationList;
			buildConfigurations = (
				A5A4AEB02821A2D800806D65 /* Debug */,
				A5A4AEB12821A2D800806D65 /* Release */,
			);
			defaultConfigurationIsVisible = 0;
			defaultConfigurationName = Release;
		};
/* End XCConfigurationList section */
	};
	rootObject = A5A4AE992821A2D600806D65 /* Project object */;
}
